
Microsoft Visual Studio Solution File, Format Version 12.00
# Visual Studio Version 16
VisualStudioVersion = 16.0.30907.101
MinimumVisualStudioVersion = 10.0.40219.1
Project("{FAE04EC0-301F-11D3-BF4B-00C04F79EFBC}") = "SandboxCountry", "SandboxCountry\SandboxCountry.csproj", "{FC253AA1-9743-4FDC-AF19-F97101637C52}"
EndProject
Global
	GlobalSection(SolutionConfigurationPlatforms) = preSolution
		Debug|Any CPU = Debug|Any CPU
		Release|Any CPU = Release|Any CPU
	EndGlobalSection
	GlobalSection(ProjectConfigurationPlatforms) = postSolution
		{FC253AA1-9743-4FDC-AF19-F97101637C52}.Debug|Any CPU.ActiveCfg = Debug|Any CPU
		{FC253AA1-9743-4FDC-AF19-F97101637C52}.Debug|Any CPU.Build.0 = Debug|Any CPU
		{FC253AA1-9743-4FDC-AF19-F97101637C52}.Release|Any CPU.ActiveCfg = Release|Any CPU
		{FC253AA1-9743-4FDC-AF19-F97101637C52}.Release|Any CPU.Build.0 = Release|Any CPU
	EndGlobalSection
	GlobalSection(SolutionProperties) = preSolution
		HideSolutionNode = FALSE
	EndGlobalSection
	GlobalSection(ExtensibilityGlobals) = postSolution
		SolutionGuid = {5DAF61D6-C173-47C5-BF1E-0D5924A96440}
	EndGlobalSection
EndGlobal
